
Microsoft Visual Studio Solution File, Format Version 12.00
# Visual Studio Version 17
VisualStudioVersion = 17.13.35825.156 d17.13
MinimumVisualStudioVersion = 10.0.40219.1
Project("{FAE04EC0-301F-11D3-BF4B-00C04F79EFBC}") = "pruebagit", "pruebagit\pruebagit.csproj", "{6FB1EC5C-E05D-4D86-A380-D49F6AA5D2A4}"
EndProject
Global
	GlobalSection(SolutionConfigurationPlatforms) = preSolution
		Debug|Any CPU = Debug|Any CPU
		Release|Any CPU = Release|Any CPU
	EndGlobalSection
	GlobalSection(ProjectConfigurationPlatforms) = postSolution
		{6FB1EC5C-E05D-4D86-A380-D49F6AA5D2A4}.Debug|Any CPU.ActiveCfg = Debug|Any CPU
		{6FB1EC5C-E05D-4D86-A380-D49F6AA5D2A4}.Debug|Any CPU.Build.0 = Debug|Any CPU
		{6FB1EC5C-E05D-4D86-A380-D49F6AA5D2A4}.Release|Any CPU.ActiveCfg = Release|Any CPU
		{6FB1EC5C-E05D-4D86-A380-D49F6AA5D2A4}.Release|Any CPU.Build.0 = Release|Any CPU
	EndGlobalSection
	GlobalSection(SolutionProperties) = preSolution
		HideSolutionNode = FALSE
	EndGlobalSection
	GlobalSection(ExtensibilityGlobals) = postSolution
		SolutionGuid = {3798DD7F-1FE0-4BE0-A268-365870024B33}
	EndGlobalSection
EndGlobal
